
Microsoft Visual Studio Solution File, Format Version 12.00
# Visual Studio Version 17
VisualStudioVersion = 17.13.35931.197 d17.13
MinimumVisualStudioVersion = 10.0.40219.1
Project("{FAE04EC0-301F-11D3-BF4B-00C04F79EFBC}") = "GuitarraStore.Modelos", "GuitarraStore.Modelos\GuitarraStore.Modelos.csproj", "{B53DB53D-86B0-4021-9DC5-B6A01B81ED54}"
EndProject
Project("{FAE04EC0-301F-11D3-BF4B-00C04F79EFBC}") = "GuitarraStore.web", "GuitarraStore.web\GuitarraStore.web.csproj", "{24317CE5-0DA4-476C-9964-EF71A1F6DBA5}"
EndProject
Project("{FAE04EC0-301F-11D3-BF4B-00C04F79EFBC}") = "GuitarraStore.Data", "GuitarraStore.Data\GuitarraStore.Data.csproj", "{4243A21C-F18B-4B1B-9AA5-8A8B8FD15DC1}"
EndProject
Global
	GlobalSection(SolutionConfigurationPlatforms) = preSolution
		Debug|Any CPU = Debug|Any CPU
		Release|Any CPU = Release|Any CPU
	EndGlobalSection
	GlobalSection(ProjectConfigurationPlatforms) = postSolution
		{B53DB53D-86B0-4021-9DC5-B6A01B81ED54}.Debug|Any CPU.ActiveCfg = Debug|Any CPU
		{B53DB53D-86B0-4021-9DC5-B6A01B81ED54}.Debug|Any CPU.Build.0 = Debug|Any CPU
		{B53DB53D-86B0-4021-9DC5-B6A01B81ED54}.Release|Any CPU.ActiveCfg = Release|Any CPU
		{B53DB53D-86B0-4021-9DC5-B6A01B81ED54}.Release|Any CPU.Build.0 = Release|Any CPU
		{24317CE5-0DA4-476C-9964-EF71A1F6DBA5}.Debug|Any CPU.ActiveCfg = Debug|Any CPU
		{24317CE5-0DA4-476C-9964-EF71A1F6DBA5}.Debug|Any CPU.Build.0 = Debug|Any CPU
		{24317CE5-0DA4-476C-9964-EF71A1F6DBA5}.Release|Any CPU.ActiveCfg = Release|Any CPU
		{24317CE5-0DA4-476C-9964-EF71A1F6DBA5}.Release|Any CPU.Build.0 = Release|Any CPU
		{4243A21C-F18B-4B1B-9AA5-8A8B8FD15DC1}.Debug|Any CPU.ActiveCfg = Debug|Any CPU
		{4243A21C-F18B-4B1B-9AA5-8A8B8FD15DC1}.Debug|Any CPU.Build.0 = Debug|Any CPU
		{4243A21C-F18B-4B1B-9AA5-8A8B8FD15DC1}.Release|Any CPU.ActiveCfg = Release|Any CPU
		{4243A21C-F18B-4B1B-9AA5-8A8B8FD15DC1}.Release|Any CPU.Build.0 = Release|Any CPU
	EndGlobalSection
	GlobalSection(SolutionProperties) = preSolution
		HideSolutionNode = FALSE
	EndGlobalSection
	GlobalSection(ExtensibilityGlobals) = postSolution
		SolutionGuid = {69EA9AEC-87C1-496D-9C8E-B1533F3154AB}
	EndGlobalSection
EndGlobal
